
Microsoft Visual Studio Solution File, Format Version 12.00
# Visual Studio Version 17
VisualStudioVersion = 17.14.36414.22 d17.14
MinimumVisualStudioVersion = 10.0.40219.1
Project("{FAE04EC0-301F-11D3-BF4B-00C04F79EFBC}") = "Chatbot.Gateway", "Chatbot.Gateway\Chatbot.Gateway.csproj", "{99FC44B3-BFAA-4406-8D27-37E5D0977385}"
EndProject
Global
	GlobalSection(SolutionConfigurationPlatforms) = preSolution
		Debug|Any CPU = Debug|Any CPU
		Release|Any CPU = Release|Any CPU
	EndGlobalSection
	GlobalSection(ProjectConfigurationPlatforms) = postSolution
		{99FC44B3-BFAA-4406-8D27-37E5D0977385}.Debug|Any CPU.ActiveCfg = Debug|Any CPU
		{99FC44B3-BFAA-4406-8D27-37E5D0977385}.Debug|Any CPU.Build.0 = Debug|Any CPU
		{99FC44B3-BFAA-4406-8D27-37E5D0977385}.Release|Any CPU.ActiveCfg = Release|Any CPU
		{99FC44B3-BFAA-4406-8D27-37E5D0977385}.Release|Any CPU.Build.0 = Release|Any CPU
	EndGlobalSection
	GlobalSection(SolutionProperties) = preSolution
		HideSolutionNode = FALSE
	EndGlobalSection
	GlobalSection(ExtensibilityGlobals) = postSolution
		SolutionGuid = {E4A6AD34-333B-4210-B378-9BC235FA6A01}
	EndGlobalSection
EndGlobal
